{
  "requires": true,
  "lockfileVersion": 1,
  "dependencies": {
    "bulma": {
      "version": "0.7.5",
      "resolved": "https://registry.npmjs.org/bulma/-/bulma-0.7.5.tgz",
      "integrity": "sha512-cX98TIn0I6sKba/DhW0FBjtaDpxTelU166pf7ICXpCCuplHWyu6C9LYZmL5PEsnePIeJaiorsTEzzNk3Tsm1hw=="
    },
    "node-normalize-scss": {
      "version": "8.0.1",
      "resolved": "https://registry.npmjs.org/node-normalize-scss/-/node-normalize-scss-8.0.1.tgz",
      "integrity": "sha512-viPhFNDOuHAHxW8J0Yk4qfT4YWO7y21fpjQGRK9hM9jYKeQR2wdw3ughQnCW4roz5cCNSdJZccfRZOXj83PEcg=="
    },
    "normalize.css": {
      "version": "8.0.1",
      "resolved": "https://registry.npmjs.org/normalize.css/-/normalize.css-8.0.1.tgz",
      "integrity": "sha512-qizSNPO93t1YUuUhP22btGOo3chcvDFqFaj2TRybP0DMxkHOCTYwp3n34fel4a31ORXy4m1Xq0Gyqpb5m33qIg=="
    }
  }
}
